<?xml version="1.0" encoding="utf-8"?>
<Project ToolsVersion="4.0" xmlns="http://schemas.microsoft.com/developer/msbuild/2003">
  <ItemGroup>
    <Filter Include="DHDB">
      <UniqueIdentifier>{b1d126ef-d964-412d-986c-a419b04a14fa}</UniqueIdentifier>
    </Filter>
    <Filter Include="DHDBCoreClass">
      <UniqueIdentifier>{4FC737F1-C7A5-4376-A066-2A32D752A2FF}</UniqueIdentifier>
      <Extensions>cpp;c;cc;cxx;c++;cppm;ixx;def;odl;idl;hpj;bat;asm;asmx</Extensions>
    </Filter>
  </ItemGroup>
  <ItemGroup>
    <ClCompile Include="DHDBCore.cpp">
      <Filter>DHDBCoreClass</Filter>
    </ClCompile>
    <ClCompile Include="DHDB.cpp">
      <Filter>DHDB</Filter>
    </ClCompile>
  </ItemGroup>
  <ItemGroup>
    <ClInclude Include="DHDBCore.h">
      <Filter>DHDBCoreClass</Filter>
    </ClInclude>
    <ClInclude Include="DHDB.h">
      <Filter>DHDB</Filter>
    </ClInclude>
  </ItemGroup>
</Project>