<?xml version="1.0" encoding="utf-8"?>
<Project ToolsVersion="4.0" xmlns="http://schemas.microsoft.com/developer/msbuild/2003">
  <ItemGroup>
    <Filter Include="Resource Files">
      <UniqueIdentifier>{67DA6AB6-F800-4c08-8B7A-83BB121AAD01}</UniqueIdentifier>
      <Extensions>qrc;rc;ico;cur;bmp;dlg;rc2;rct;bin;rgs;gif;jpg;jpeg;jpe;resx;tiff;tif;png;wav;mfcribbon-ms</Extensions>
    </Filter>
    <Filter Include="Form Files">
      <UniqueIdentifier>{99349809-55BA-4b9d-BF79-8FDBB0286EB3}</UniqueIdentifier>
      <Extensions>ui</Extensions>
    </Filter>
    <Filter Include="Main">
      <UniqueIdentifier>{639EADAA-A684-42e4-A9AD-28FC9BCB8F7C}</UniqueIdentifier>
      <Extensions>ts</Extensions>
    </Filter>
    <Filter Include="LoginLauncher">
      <UniqueIdentifier>{4FC737F1-C7A5-4376-A066-2A32D752A2FF}</UniqueIdentifier>
      <Extensions>cpp;c;cc;cxx;def;odl;idl;hpj;bat;asm;asmx</Extensions>
    </Filter>
    <Filter Include="LoginLauncher\MainLogin">
      <UniqueIdentifier>{01e85b8b-cc1d-4d81-b2f9-3da30af85806}</UniqueIdentifier>
    </Filter>
    <Filter Include="LoginLauncher\AccountCreate">
      <UniqueIdentifier>{9bbb6c1a-7c6f-4a8e-8c0e-7c5240e671ec}</UniqueIdentifier>
    </Filter>
    <Filter Include="GameLauncher">
      <UniqueIdentifier>{3b7de31c-f5c4-4150-8617-c35a567916e3}</UniqueIdentifier>
    </Filter>
    <Filter Include="PortIP">
      <UniqueIdentifier>{79d0da6d-c1e3-4050-aa68-17fcce61092f}</UniqueIdentifier>
    </Filter>
  </ItemGroup>
  <ItemGroup>
    <QtRcc Include="GameLauncher.qrc">
      <Filter>Resource Files</Filter>
    </QtRcc>
    <QtUic Include="GameLauncher.ui">
      <Filter>Form Files</Filter>
    </QtUic>
  </ItemGroup>
  <ItemGroup>
    <ClCompile Include="main.cpp">
      <Filter>Main</Filter>
    </ClCompile>
    <ClCompile Include="LoginLauncher.cpp">
      <Filter>LoginLauncher\MainLogin</Filter>
    </ClCompile>
    <ClCompile Include="GamePlayLauncher.cpp">
      <Filter>GameLauncher</Filter>
    </ClCompile>
    <ClCompile Include="AccountCreate.cpp">
      <Filter>LoginLauncher\AccountCreate</Filter>
    </ClCompile>
  </ItemGroup>
  <ItemGroup>
    <QtUic Include="GamePlayLauncher.ui">
      <Filter>Form Files</Filter>
    </QtUic>
    <QtUic Include="AccountCreate.ui">
      <Filter>Form Files</Filter>
    </QtUic>
  </ItemGroup>
  <ItemGroup>
    <None Include="PathNote.htm">
      <Filter>Form Files</Filter>
    </None>
  </ItemGroup>
  <ItemGroup>
    <QtMoc Include="LoginLauncher.h">
      <Filter>LoginLauncher\MainLogin</Filter>
    </QtMoc>
    <QtMoc Include="GamePlayLauncher.h">
      <Filter>GameLauncher</Filter>
    </QtMoc>
    <QtMoc Include="AccountCreate.h">
      <Filter>LoginLauncher\AccountCreate</Filter>
    </QtMoc>
  </ItemGroup>
  <ItemGroup>
    <ClInclude Include="..\ImportLibrary\Inc\PortIPDefine.h">
      <Filter>PortIP</Filter>
    </ClInclude>
  </ItemGroup>
</Project>